
Microsoft Visual Studio Solution File, Format Version 12.00
Project("{F2A71F9B-5D33-465A-A702-920D77279786}") = "ts-native", "ts-native\ts-native.fsproj", "{0324DD6A-7AA6-4678-BDE3-1581A08EEA1D}"
EndProject
Project("{F2A71F9B-5D33-465A-A702-920D77279786}") = "frontend", "frontend\frontend.fsproj", "{22F3EFB8-FC32-4A50-872B-068C089A53B9}"
EndProject
Global
	GlobalSection(SolutionConfigurationPlatforms) = preSolution
		Debug|Any CPU = Debug|Any CPU
		Release|Any CPU = Release|Any CPU
	EndGlobalSection
	GlobalSection(ProjectConfigurationPlatforms) = postSolution
		{0324DD6A-7AA6-4678-BDE3-1581A08EEA1D}.Debug|Any CPU.ActiveCfg = Debug|Any CPU
		{0324DD6A-7AA6-4678-BDE3-1581A08EEA1D}.Debug|Any CPU.Build.0 = Debug|Any CPU
		{0324DD6A-7AA6-4678-BDE3-1581A08EEA1D}.Release|Any CPU.ActiveCfg = Release|Any CPU
		{0324DD6A-7AA6-4678-BDE3-1581A08EEA1D}.Release|Any CPU.Build.0 = Release|Any CPU
		{22F3EFB8-FC32-4A50-872B-068C089A53B9}.Debug|Any CPU.ActiveCfg = Debug|Any CPU
		{22F3EFB8-FC32-4A50-872B-068C089A53B9}.Debug|Any CPU.Build.0 = Debug|Any CPU
		{22F3EFB8-FC32-4A50-872B-068C089A53B9}.Release|Any CPU.ActiveCfg = Release|Any CPU
		{22F3EFB8-FC32-4A50-872B-068C089A53B9}.Release|Any CPU.Build.0 = Release|Any CPU
	EndGlobalSection
EndGlobal
